// !$*UTF8*$!
{
	archiveVersion = 1;
	classes = {
	};
	objectVersion = 50;
	objects = {

/* Begin PBXBuildFile section */
		3F7ECD892563B92300454D94 /* cryptoViewModel.swift in Sources */ = {isa = PBXBuildFile; fileRef = 3F7ECD882563B92300454D94 /* cryptoViewModel.swift */; };
		3FC07CCF2562BE0700FD90E3 /* AppDelegate.swift in Sources */ = {isa = PBXBuildFile; fileRef = 3FC07CCE2562BE0700FD90E3 /* AppDelegate.swift */; };
		3FC07CD12562BE0700FD90E3 /* SceneDelegate.swift in Sources */ = {isa = PBXBuildFile; fileRef = 3FC07CD02562BE0700FD90E3 /* SceneDelegate.swift */; };
		3FC07CD32562BE0700FD90E3 /* ViewController.swift in Sources */ = {isa = PBXBuildFile; fileRef = 3FC07CD22562BE0700FD90E3 /* ViewController.swift */; };
		3FC07CD62562BE0700FD90E3 /* Main.storyboard in Resources */ = {isa = PBXBuildFile; fileRef = 3FC07CD42562BE0700FD90E3 /* Main.storyboard */; };
		3FC07CD82562BE0800FD90E3 /* Assets.xcassets in Resources */ = {isa = PBXBuildFile; fileRef = 3FC07CD72562BE0800FD90E3 /* Assets.xcassets */; };
		3FC07CDB2562BE0800FD90E3 /* LaunchScreen.storyboard in Resources */ = {isa = PBXBuildFile; fileRef = 3FC07CD92562BE0800FD90E3 /* LaunchScreen.storyboard */; };
		3FC07CE62562BE0900FD90E3 /* mvvmCryptoTests.swift in Sources */ = {isa = PBXBuildFile; fileRef = 3FC07CE52562BE0900FD90E3 /* mvvmCryptoTests.swift */; };
		3FC07CF12562BE0900FD90E3 /* mvvmCryptoUITests.swift in Sources */ = {isa = PBXBuildFile; fileRef = 3FC07CF02562BE0900FD90E3 /* mvvmCryptoUITests.swift */; };
		3FC07D022562C0D300FD90E3 /* CryptoTableViewCell.swift in Sources */ = {isa = PBXBuildFile; fileRef = 3FC07D012562C0D300FD90E3 /* CryptoTableViewCell.swift */; };
		3FC07D0D2562C44C00FD90E3 /* CryptoModel.swift in Sources */ = {isa = PBXBuildFile; fileRef = 3FC07D0C2562C44C00FD90E3 /* CryptoModel.swift */; };
		3FC07D132562C60800FD90E3 /* cryptoAction.swift in Sources */ = {isa = PBXBuildFile; fileRef = 3FC07D122562C60800FD90E3 /* cryptoAction.swift */; };
/* End PBXBuildFile section */

/* Begin PBXContainerItemProxy section */
		3FC07CE22562BE0900FD90E3 /* PBXContainerItemProxy */ = {
			isa = PBXContainerItemProxy;
			containerPortal = 3FC07CC32562BE0700FD90E3 /* Project object */;
			proxyType = 1;
			remoteGlobalIDString = 3FC07CCA2562BE0700FD90E3;
			remoteInfo = mvvmCrypto;
		};
		3FC07CED2562BE0900FD90E3 /* PBXContainerItemProxy */ = {
			isa = PBXContainerItemProxy;
			containerPortal = 3FC07CC32562BE0700FD90E3 /* Project object */;
			proxyType = 1;
			remoteGlobalIDString = 3FC07CCA2562BE0700FD90E3;
			remoteInfo = mvvmCrypto;
		};
/* End PBXContainerItemProxy section */

/* Begin PBXFileReference section */
		3F7ECD882563B92300454D94 /* cryptoViewModel.swift */ = {isa = PBXFileReference; lastKnownFileType = sourcecode.swift; path = cryptoViewModel.swift; sourceTree = "<group>"; };
		3FC07CCB2562BE0700FD90E3 /* mvvmCrypto.app */ = {isa = PBXFileReference; explicitFileType = wrapper.application; includeInIndex = 0; path = mvvmCrypto.app; sourceTree = BUILT_PRODUCTS_DIR; };
		3FC07CCE2562BE0700FD90E3 /* AppDelegate.swift */ = {isa = PBXFileReference; lastKnownFileType = sourcecode.swift; path = AppDelegate.swift; sourceTree = "<group>"; };
		3FC07CD02562BE0700FD90E3 /* SceneDelegate.swift */ = {isa = PBXFileReference; lastKnownFileType = sourcecode.swift; path = SceneDelegate.swift; sourceTree = "<group>"; };
		3FC07CD22562BE0700FD90E3 /* ViewController.swift */ = {isa = PBXFileReference; lastKnownFileType = sourcecode.swift; path = ViewController.swift; sourceTree = "<group>"; };
		3FC07CD52562BE0700FD90E3 /* Base */ = {isa = PBXFileReference; lastKnownFileType = file.storyboard; name = Base; path = Base.lproj/Main.storyboard; sourceTree = "<group>"; };
		3FC07CD72562BE0800FD90E3 /* Assets.xcassets */ = {isa = PBXFileReference; lastKnownFileType = folder.assetcatalog; path = Assets.xcassets; sourceTree = "<group>"; };
		3FC07CDA2562BE0800FD90E3 /* Base */ = {isa = PBXFileReference; lastKnownFileType = file.storyboard; name = Base; path = Base.lproj/LaunchScreen.storyboard; sourceTree = "<group>"; };
		3FC07CDC2562BE0800FD90E3 /* Info.plist */ = {isa = PBXFileReference; lastKnownFileType = text.plist.xml; path = Info.plist; sourceTree = "<group>"; };
		3FC07CE12562BE0900FD90E3 /* mvvmCryptoTests.xctest */ = {isa = PBXFileReference; explicitFileType = wrapper.cfbundle; includeInIndex = 0; path = mvvmCryptoTests.xctest; sourceTree = BUILT_PRODUCTS_DIR; };
		3FC07CE52562BE0900FD90E3 /* mvvmCryptoTests.swift */ = {isa = PBXFileReference; lastKnownFileType = sourcecode.swift; path = mvvmCryptoTests.swift; sourceTree = "<group>"; };
		3FC07CE72562BE0900FD90E3 /* Info.plist */ = {isa = PBXFileReference; lastKnownFileType = text.plist.xml; path = Info.plist; sourceTree = "<group>"; };
		3FC07CEC2562BE0900FD90E3 /* mvvmCryptoUITests.xctest */ = {isa = PBXFileReference; explicitFileType = wrapper.cfbundle; includeInIndex = 0; path = mvvmCryptoUITests.xctest; sourceTree = BUILT_PRODUCTS_DIR; };
		3FC07CF02562BE0900FD90E3 /* mvvmCryptoUITests.swift */ = {isa = PBXFileReference; lastKnownFileType = sourcecode.swift; path = mvvmCryptoUITests.swift; sourceTree = "<group>"; };
		3FC07CF22562BE0900FD90E3 /* Info.plist */ = {isa = PBXFileReference; lastKnownFileType = text.plist.xml; path = Info.plist; sourceTree = "<group>"; };
		3FC07D012562C0D300FD90E3 /* CryptoTableViewCell.swift */ = {isa = PBXFileReference; lastKnownFileType = sourcecode.swift; path = CryptoTableViewCell.swift; sourceTree = "<group>"; };
		3FC07D0C2562C44C00FD90E3 /* CryptoModel.swift */ = {isa = PBXFileReference; lastKnownFileType = sourcecode.swift; path = CryptoModel.swift; sourceTree = "<group>"; };
		3FC07D122562C60800FD90E3 /* cryptoAction.swift */ = {isa = PBXFileReference; lastKnownFileType = sourcecode.swift; path = cryptoAction.swift; sourceTree = "<group>"; };
/* End PBXFileReference section */

/* Begin PBXFrameworksBuildPhase section */
		3FC07CC82562BE0700FD90E3 /* Frameworks */ = {
			isa = PBXFrameworksBuildPhase;
			buildActionMask = 2147483647;
			files = (
			);
			runOnlyForDeploymentPostprocessing = 0;
		};
		3FC07CDE2562BE0900FD90E3 /* Frameworks */ = {
			isa = PBXFrameworksBuildPhase;
			buildActionMask = 2147483647;
			files = (
			);
			runOnlyForDeploymentPostprocessing = 0;
		};
		3FC07CE92562BE0900FD90E3 /* Frameworks */ = {
			isa = PBXFrameworksBuildPhase;
			buildActionMask = 2147483647;
			files = (
			);
			runOnlyForDeploymentPostprocessing = 0;
		};
/* End PBXFrameworksBuildPhase section */

/* Begin PBXGroup section */
		3FC07CC22562BE0700FD90E3 = {
			isa = PBXGroup;
			children = (
				3FC07CCD2562BE0700FD90E3 /* mvvmCrypto */,
				3FC07CE42562BE0900FD90E3 /* mvvmCryptoTests */,
				3FC07CEF2562BE0900FD90E3 /* mvvmCryptoUITests */,
				3FC07CCC2562BE0700FD90E3 /* Products */,
			);
			sourceTree = "<group>";
		};
		3FC07CCC2562BE0700FD90E3 /* Products */ = {
			isa = PBXGroup;
			children = (
				3FC07CCB2562BE0700FD90E3 /* mvvmCrypto.app */,
				3FC07CE12562BE0900FD90E3 /* mvvmCryptoTests.xctest */,
				3FC07CEC2562BE0900FD90E3 /* mvvmCryptoUITests.xctest */,
			);
			name = Products;
			sourceTree = "<group>";
		};
		3FC07CCD2562BE0700FD90E3 /* mvvmCrypto */ = {
			isa = PBXGroup;
			children = (
				3FC07D112562C50900FD90E3 /* Actions */,
				3FC07D0B2562C2EC00FD90E3 /* viewModel */,
				3FC07D0A2562C2E200FD90E3 /* model */,
				3FC07D092562C2DB00FD90E3 /* view */,
				3FC07CD42562BE0700FD90E3 /* Main.storyboard */,
				3FC07CD72562BE0800FD90E3 /* Assets.xcassets */,
				3FC07CD92562BE0800FD90E3 /* LaunchScreen.storyboard */,
				3FC07CDC2562BE0800FD90E3 /* Info.plist */,
			);
			path = mvvmCrypto;
			sourceTree = "<group>";
		};
		3FC07CE42562BE0900FD90E3 /* mvvmCryptoTests */ = {
			isa = PBXGroup;
			children = (
				3FC07CE52562BE0900FD90E3 /* mvvmCryptoTests.swift */,
				3FC07CE72562BE0900FD90E3 /* Info.plist */,
			);
			path = mvvmCryptoTests;
			sourceTree = "<group>";
		};
		3FC07CEF2562BE0900FD90E3 /* mvvmCryptoUITests */ = {
			isa = PBXGroup;
			children = (
				3FC07CF02562BE0900FD90E3 /* mvvmCryptoUITests.swift */,
				3FC07CF22562BE0900FD90E3 /* Info.plist */,
			);
			path = mvvmCryptoUITests;
			sourceTree = "<group>";
		};
		3FC07D092562C2DB00FD90E3 /* view */ = {
			isa = PBXGroup;
			children = (
				3FC07CCE2562BE0700FD90E3 /* AppDelegate.swift */,
				3FC07CD02562BE0700FD90E3 /* SceneDelegate.swift */,
				3FC07CD22562BE0700FD90E3 /* ViewController.swift */,
				3FC07D012562C0D300FD90E3 /* CryptoTableViewCell.swift */,
			);
			path = view;
			sourceTree = "<group>";
		};
		3FC07D0A2562C2E200FD90E3 /* model */ = {
			isa = PBXGroup;
			children = (
				3FC07D0C2562C44C00FD90E3 /* CryptoModel.swift */,
			);
			path = model;
			sourceTree = "<group>";
		};
		3FC07D0B2562C2EC00FD90E3 /* viewModel */ = {
			isa = PBXGroup;
			children = (
				3F7ECD882563B92300454D94 /* cryptoViewModel.swift */,
			);
			path = viewModel;
			sourceTree = "<group>";
		};
		3FC07D112562C50900FD90E3 /* Actions */ = {
			isa = PBXGroup;
			children = (
				3FC07D122562C60800FD90E3 /* cryptoAction.swift */,
			);
			path = Actions;
			sourceTree = "<group>";
		};
/* End PBXGroup section */

/* Begin PBXNativeTarget section */
		3FC07CCA2562BE0700FD90E3 /* mvvmCrypto */ = {
			isa = PBXNativeTarget;
			buildConfigurationList = 3FC07CF52562BE0900FD90E3 /* Build configuration list for PBXNativeTarget "mvvmCrypto" */;
			buildPhases = (
				3FC07CC72562BE0700FD90E3 /* Sources */,
				3FC07CC82562BE0700FD90E3 /* Frameworks */,
				3FC07CC92562BE0700FD90E3 /* Resources */,
			);
			buildRules = (
			);
			dependencies = (
			);
			name = mvvmCrypto;
			productName = mvvmCrypto;
			productReference = 3FC07CCB2562BE0700FD90E3 /* mvvmCrypto.app */;
			productType = "com.apple.product-type.application";
		};
		3FC07CE02562BE0900FD90E3 /* mvvmCryptoTests */ = {
			isa = PBXNativeTarget;
			buildConfigurationList = 3FC07CF82562BE0900FD90E3 /* Build configuration list for PBXNativeTarget "mvvmCryptoTests" */;
			buildPhases = (
				3FC07CDD2562BE0900FD90E3 /* Sources */,
				3FC07CDE2562BE0900FD90E3 /* Frameworks */,
				3FC07CDF2562BE0900FD90E3 /* Resources */,
			);
			buildRules = (
			);
			dependencies = (
				3FC07CE32562BE0900FD90E3 /* PBXTargetDependency */,
			);
			name = mvvmCryptoTests;
			productName = mvvmCryptoTests;
			productReference = 3FC07CE12562BE0900FD90E3 /* mvvmCryptoTests.xctest */;
			productType = "com.apple.product-type.bundle.unit-test";
		};
		3FC07CEB2562BE0900FD90E3 /* mvvmCryptoUITests */ = {
			isa = PBXNativeTarget;
			buildConfigurationList = 3FC07CFB2562BE0900FD90E3 /* Build configuration list for PBXNativeTarget "mvvmCryptoUITests" */;
			buildPhases = (
				3FC07CE82562BE0900FD90E3 /* Sources */,
				3FC07CE92562BE0900FD90E3 /* Frameworks */,
				3FC07CEA2562BE0900FD90E3 /* Resources */,
			);
			buildRules = (
			);
			dependencies = (
				3FC07CEE2562BE0900FD90E3 /* PBXTargetDependency */,
			);
			name = mvvmCryptoUITests;
			productName = mvvmCryptoUITests;
			productReference = 3FC07CEC2562BE0900FD90E3 /* mvvmCryptoUITests.xctest */;
			productType = "com.apple.product-type.bundle.ui-testing";
		};
/* End PBXNativeTarget section */

/* Begin PBXProject section */
		3FC07CC32562BE0700FD90E3 /* Project object */ = {
			isa = PBXProject;
			attributes = {
				LastSwiftUpdateCheck = 1200;
				LastUpgradeCheck = 1200;
				TargetAttributes = {
					3FC07CCA2562BE0700FD90E3 = {
						CreatedOnToolsVersion = 12.0.1;
					};
					3FC07CE02562BE0900FD90E3 = {
						CreatedOnToolsVersion = 12.0.1;
						TestTargetID = 3FC07CCA2562BE0700FD90E3;
					};
					3FC07CEB2562BE0900FD90E3 = {
						CreatedOnToolsVersion = 12.0.1;
						TestTargetID = 3FC07CCA2562BE0700FD90E3;
					};
				};
			};
			buildConfigurationList = 3FC07CC62562BE0700FD90E3 /* Build configuration list for PBXProject "mvvmCrypto" */;
			compatibilityVersion = "Xcode 9.3";
			developmentRegion = en;
			hasScannedForEncodings = 0;
			knownRegions = (
				en,
				Base,
			);
			mainGroup = 3FC07CC22562BE0700FD90E3;
			productRefGroup = 3FC07CCC2562BE0700FD90E3 /* Products */;
			projectDirPath = "";
			projectRoot = "";
			targets = (
				3FC07CCA2562BE0700FD90E3 /* mvvmCrypto */,
				3FC07CE02562BE0900FD90E3 /* mvvmCryptoTests */,
				3FC07CEB2562BE0900FD90E3 /* mvvmCryptoUITests */,
			);
		};
/* End PBXProject section */

/* Begin PBXResourcesBuildPhase section */
		3FC07CC92562BE0700FD90E3 /* Resources */ = {
			isa = PBXResourcesBuildPhase;
			buildActionMask = 2147483647;
			files = (
				3FC07CDB2562BE0800FD90E3 /* LaunchScreen.storyboard in Resources */,
				3FC07CD82562BE0800FD90E3 /* Assets.xcassets in Resources */,
				3FC07CD62562BE0700FD90E3 /* Main.storyboard in Resources */,
			);
			runOnlyForDeploymentPostprocessing = 0;
		};
		3FC07CDF2562BE0900FD90E3 /* Resources */ = {
			isa = PBXResourcesBuildPhase;
			buildActionMask = 2147483647;
			files = (
			);
			runOnlyForDeploymentPostprocessing = 0;
		};
		3FC07CEA2562BE0900FD90E3 /* Resources */ = {
			isa = PBXResourcesBuildPhase;
			buildActionMask = 2147483647;
			files = (
			);
			runOnlyForDeploymentPostprocessing = 0;
		};
/* End PBXResourcesBuildPhase section */

/* Begin PBXSourcesBuildPhase section */
		3FC07CC72562BE0700FD90E3 /* Sources */ = {
			isa = PBXSourcesBuildPhase;
			buildActionMask = 2147483647;
			files = (
				3FC07D132562C60800FD90E3 /* cryptoAction.swift in Sources */,
				3FC07D022562C0D300FD90E3 /* CryptoTableViewCell.swift in Sources */,
				3F7ECD892563B92300454D94 /* cryptoViewModel.swift in Sources */,
				3FC07CD32562BE0700FD90E3 /* ViewController.swift in Sources */,
				3FC07CCF2562BE0700FD90E3 /* AppDelegate.swift in Sources */,
				3FC07CD12562BE0700FD90E3 /* SceneDelegate.swift in Sources */,
				3FC07D0D2562C44C00FD90E3 /* CryptoModel.swift in Sources */,
			);
			runOnlyForDeploymentPostprocessing = 0;
		};
		3FC07CDD2562BE0900FD90E3 /* Sources */ = {
			isa = PBXSourcesBuildPhase;
			buildActionMask = 2147483647;
			files = (
				3FC07CE62562BE0900FD90E3 /* mvvmCryptoTests.swift in Sources */,
			);
			runOnlyForDeploymentPostprocessing = 0;
		};
		3FC07CE82562BE0900FD90E3 /* Sources */ = {
			isa = PBXSourcesBuildPhase;
			buildActionMask = 2147483647;
			files = (
				3FC07CF12562BE0900FD90E3 /* mvvmCryptoUITests.swift in Sources */,
			);
			runOnlyForDeploymentPostprocessing = 0;
		};
/* End PBXSourcesBuildPhase section */

/* Begin PBXTargetDependency section */
		3FC07CE32562BE0900FD90E3 /* PBXTargetDependency */ = {
			isa = PBXTargetDependency;
			target = 3FC07CCA2562BE0700FD90E3 /* mvvmCrypto */;
			targetProxy = 3FC07CE22562BE0900FD90E3 /* PBXContainerItemProxy */;
		};
		3FC07CEE2562BE0900FD90E3 /* PBXTargetDependency */ = {
			isa = PBXTargetDependency;
			target = 3FC07CCA2562BE0700FD90E3 /* mvvmCrypto */;
			targetProxy = 3FC07CED2562BE0900FD90E3 /* PBXContainerItemProxy */;
		};
/* End PBXTargetDependency section */

/* Begin PBXVariantGroup section */
		3FC07CD42562BE0700FD90E3 /* Main.storyboard */ = {
			isa = PBXVariantGroup;
			children = (
				3FC07CD52562BE0700FD90E3 /* Base */,
			);
			name = Main.storyboard;
			sourceTree = "<group>";
		};
		3FC07CD92562BE0800FD90E3 /* LaunchScreen.storyboard */ = {
			isa = PBXVariantGroup;
			children = (
				3FC07CDA2562BE0800FD90E3 /* Base */,
			);
			name = LaunchScreen.storyboard;
			sourceTree = "<group>";
		};
/* End PBXVariantGroup section */

/* Begin XCBuildConfiguration section */
		3FC07CF32562BE0900FD90E3 /* Debug */ = {
			isa = XCBuildConfiguration;
			buildSettings = {
				ALWAYS_SEARCH_USER_PATHS = NO;
				CLANG_ANALYZER_NONNULL = YES;
				CLANG_ANALYZER_NUMBER_OBJECT_CONVERSION = YES_AGGRESSIVE;
				CLANG_CXX_LANGUAGE_STANDARD = "gnu++14";
				CLANG_CXX_LIBRARY = "libc++";
				CLANG_ENABLE_MODULES = YES;
				CLANG_ENABLE_OBJC_ARC = YES;
				CLANG_ENABLE_OBJC_WEAK = YES;
				CLANG_WARN_BLOCK_CAPTURE_AUTORELEASING = YES;
				CLANG_WARN_BOOL_CONVERSION = YES;
				CLANG_WARN_COMMA = YES;
				CLANG_WARN_CONSTANT_CONVERSION = YES;
				CLANG_WARN_DEPRECATED_OBJC_IMPLEMENTATIONS = YES;
				CLANG_WARN_DIRECT_OBJC_ISA_USAGE = YES_ERROR;
				CLANG_WARN_DOCUMENTATION_COMMENTS = YES;
				CLANG_WARN_EMPTY_BODY = YES;
				CLANG_WARN_ENUM_CONVERSION = YES;
				CLANG_WARN_INFINITE_RECURSION = YES;
				CLANG_WARN_INT_CONVERSION = YES;
				CLANG_WARN_NON_LITERAL_NULL_CONVERSION = YES;
				CLANG_WARN_OBJC_IMPLICIT_RETAIN_SELF = YES;
				CLANG_WARN_OBJC_LITERAL_CONVERSION = YES;
				CLANG_WARN_OBJC_ROOT_CLASS = YES_ERROR;
				CLANG_WARN_QUOTED_INCLUDE_IN_FRAMEWORK_HEADER = YES;
				CLANG_WARN_RANGE_LOOP_ANALYSIS = YES;
				CLANG_WARN_STRICT_PROTOTYPES = YES;
				CLANG_WARN_SUSPICIOUS_MOVE = YES;
				CLANG_WARN_UNGUARDED_AVAILABILITY = YES_AGGRESSIVE;
				CLANG_WARN_UNREACHABLE_CODE = YES;
				CLANG_WARN__DUPLICATE_METHOD_MATCH = YES;
				COPY_PHASE_STRIP = NO;
				DEBUG_INFORMATION_FORMAT = dwarf;
				ENABLE_STRICT_OBJC_MSGSEND = YES;
				ENABLE_TESTABILITY = YES;
				GCC_C_LANGUAGE_STANDARD = gnu11;
				GCC_DYNAMIC_NO_PIC = NO;
				GCC_NO_COMMON_BLOCKS = YES;
				GCC_OPTIMIZATION_LEVEL = 0;
				GCC_PREPROCESSOR_DEFINITIONS = (
					"DEBUG=1",
					"$(inherited)",
				);
				GCC_WARN_64_TO_32_BIT_CONVERSION = YES;
				GCC_WARN_ABOUT_RETURN_TYPE = YES_ERROR;
				GCC_WARN_UNDECLARED_SELECTOR = YES;
				GCC_WARN_UNINITIALIZED_AUTOS = YES_AGGRESSIVE;
				GCC_WARN_UNUSED_FUNCTION = YES;
				GCC_WARN_UNUSED_VARIABLE = YES;
				IPHONEOS_DEPLOYMENT_TARGET = 14.0;
				MTL_ENABLE_DEBUG_INFO = INCLUDE_SOURCE;
				MTL_FAST_MATH = YES;
				ONLY_ACTIVE_ARCH = YES;
				SDKROOT = iphoneos;
				SWIFT_ACTIVE_COMPILATION_CONDITIONS = DEBUG;
				SWIFT_OPTIMIZATION_LEVEL = "-Onone";
			};
			name = Debug;
		};
		3FC07CF42562BE0900FD90E3 /* Release */ = {
			isa = XCBuildConfiguration;
			buildSettings = {
				ALWAYS_SEARCH_USER_PATHS = NO;
				CLANG_ANALYZER_NONNULL = YES;
				CLANG_ANALYZER_NUMBER_OBJECT_CONVERSION = YES_AGGRESSIVE;
				CLANG_CXX_LANGUAGE_STANDARD = "gnu++14";
				CLANG_CXX_LIBRARY = "libc++";
				CLANG_ENABLE_MODULES = YES;
				CLANG_ENABLE_OBJC_ARC = YES;
				CLANG_ENABLE_OBJC_WEAK = YES;
				CLANG_WARN_BLOCK_CAPTURE_AUTORELEASING = YES;
				CLANG_WARN_BOOL_CONVERSION = YES;
				CLANG_WARN_COMMA = YES;
				CLANG_WARN_CONSTANT_CONVERSION = YES;
				CLANG_WARN_DEPRECATED_OBJC_IMPLEMENTATIONS = YES;
				CLANG_WARN_DIRECT_OBJC_ISA_USAGE = YES_ERROR;
				CLANG_WARN_DOCUMENTATION_COMMENTS = YES;
				CLANG_WARN_EMPTY_BODY = YES;
				CLANG_WARN_ENUM_CONVERSION = YES;
				CLANG_WARN_INFINITE_RECURSION = YES;
				CLANG_WARN_INT_CONVERSION = YES;
				CLANG_WARN_NON_LITERAL_NULL_CONVERSION = YES;
				CLANG_WARN_OBJC_IMPLICIT_RETAIN_SELF = YES;
				CLANG_WARN_OBJC_LITERAL_CONVERSION = YES;
				CLANG_WARN_OBJC_ROOT_CLASS = YES_ERROR;
				CLANG_WARN_QUOTED_INCLUDE_IN_FRAMEWORK_HEADER = YES;
				CLANG_WARN_RANGE_LOOP_ANALYSIS = YES;
				CLANG_WARN_STRICT_PROTOTYPES = YES;
				CLANG_WARN_SUSPICIOUS_MOVE = YES;
				CLANG_WARN_UNGUARDED_AVAILABILITY = YES_AGGRESSIVE;
				CLANG_WARN_UNREACHABLE_CODE = YES;
				CLANG_WARN__DUPLICATE_METHOD_MATCH = YES;
				COPY_PHASE_STRIP = NO;
				DEBUG_INFORMATION_FORMAT = "dwarf-with-dsym";
				ENABLE_NS_ASSERTIONS = NO;
				ENABLE_STRICT_OBJC_MSGSEND = YES;
				GCC_C_LANGUAGE_STANDARD = gnu11;
				GCC_NO_COMMON_BLOCKS = YES;
				GCC_WARN_64_TO_32_BIT_CONVERSION = YES;
				GCC_WARN_ABOUT_RETURN_TYPE = YES_ERROR;
				GCC_WARN_UNDECLARED_SELECTOR = YES;
				GCC_WARN_UNINITIALIZED_AUTOS = YES_AGGRESSIVE;
				GCC_WARN_UNUSED_FUNCTION = YES;
				GCC_WARN_UNUSED_VARIABLE = YES;
				IPHONEOS_DEPLOYMENT_TARGET = 14.0;
				MTL_ENABLE_DEBUG_INFO = NO;
				MTL_FAST_MATH = YES;
				SDKROOT = iphoneos;
				SWIFT_COMPILATION_MODE = wholemodule;
				SWIFT_OPTIMIZATION_LEVEL = "-O";
				VALIDATE_PRODUCT = YES;
			};
			name = Release;
		};
		3FC07CF62562BE0900FD90E3 /* Debug */ = {
			isa = XCBuildConfiguration;
			buildSettings = {
				ASSETCATALOG_COMPILER_APPICON_NAME = AppIcon;
				ASSETCATALOG_COMPILER_GLOBAL_ACCENT_COLOR_NAME = AccentColor;
				CODE_SIGN_STYLE = Automatic;
				DEVELOPMENT_TEAM = W6WW6N88U8;
				INFOPLIST_FILE = mvvmCrypto/Info.plist;
				LD_RUNPATH_SEARCH_PATHS = (
					"$(inherited)",
					"@executable_path/Frameworks",
				);
				PRODUCT_BUNDLE_IDENTIFIER = com.ozdemircibaris.mvvmCrypto;
				PRODUCT_NAME = "$(TARGET_NAME)";
				SWIFT_VERSION = 5.0;
				TARGETED_DEVICE_FAMILY = "1,2";
			};
			name = Debug;
		};
		3FC07CF72562BE0900FD90E3 /* Release */ = {
			isa = XCBuildConfiguration;
			buildSettings = {
				ASSETCATALOG_COMPILER_APPICON_NAME = AppIcon;
				ASSETCATALOG_COMPILER_GLOBAL_ACCENT_COLOR_NAME = AccentColor;
				CODE_SIGN_STYLE = Automatic;
				DEVELOPMENT_TEAM = W6WW6N88U8;
				INFOPLIST_FILE = mvvmCrypto/Info.plist;
				LD_RUNPATH_SEARCH_PATHS = (
					"$(inherited)",
					"@executable_path/Frameworks",
				);
				PRODUCT_BUNDLE_IDENTIFIER = com.ozdemircibaris.mvvmCrypto;
				PRODUCT_NAME = "$(TARGET_NAME)";
				SWIFT_VERSION = 5.0;
				TARGETED_DEVICE_FAMILY = "1,2";
			};
			name = Release;
		};
		3FC07CF92562BE0900FD90E3 /* Debug */ = {
			isa = XCBuildConfiguration;
			buildSettings = {
				ALWAYS_EMBED_SWIFT_STANDARD_LIBRARIES = YES;
				BUNDLE_LOADER = "$(TEST_HOST)";
				CODE_SIGN_STYLE = Automatic;
				DEVELOPMENT_TEAM = W6WW6N88U8;
				INFOPLIST_FILE = mvvmCryptoTests/Info.plist;
				IPHONEOS_DEPLOYMENT_TARGET = 14.0;
				LD_RUNPATH_SEARCH_PATHS = (
					"$(inherited)",
					"@executable_path/Frameworks",
					"@loader_path/Frameworks",
				);
				PRODUCT_BUNDLE_IDENTIFIER = com.ozdemircibaris.mvvmCryptoTests;
				PRODUCT_NAME = "$(TARGET_NAME)";
				SWIFT_VERSION = 5.0;
				TARGETED_DEVICE_FAMILY = "1,2";
				TEST_HOST = "$(BUILT_PRODUCTS_DIR)/mvvmCrypto.app/mvvmCrypto";
			};
			name = Debug;
		};
		3FC07CFA2562BE0900FD90E3 /* Release */ = {
			isa = XCBuildConfiguration;
			buildSettings = {
				ALWAYS_EMBED_SWIFT_STANDARD_LIBRARIES = YES;
				BUNDLE_LOADER = "$(TEST_HOST)";
				CODE_SIGN_STYLE = Automatic;
				DEVELOPMENT_TEAM = W6WW6N88U8;
				INFOPLIST_FILE = mvvmCryptoTests/Info.plist;
				IPHONEOS_DEPLOYMENT_TARGET = 14.0;
				LD_RUNPATH_SEARCH_PATHS = (
					"$(inherited)",
					"@executable_path/Frameworks",
					"@loader_path/Frameworks",
				);
				PRODUCT_BUNDLE_IDENTIFIER = com.ozdemircibaris.mvvmCryptoTests;
				PRODUCT_NAME = "$(TARGET_NAME)";
				SWIFT_VERSION = 5.0;
				TARGETED_DEVICE_FAMILY = "1,2";
				TEST_HOST = "$(BUILT_PRODUCTS_DIR)/mvvmCrypto.app/mvvmCrypto";
			};
			name = Release;
		};
		3FC07CFC2562BE0900FD90E3 /* Debug */ = {
			isa = XCBuildConfiguration;
			buildSettings = {
				ALWAYS_EMBED_SWIFT_STANDARD_LIBRARIES = YES;
				CODE_SIGN_STYLE = Automatic;
				DEVELOPMENT_TEAM = W6WW6N88U8;
				INFOPLIST_FILE = mvvmCryptoUITests/Info.plist;
				LD_RUNPATH_SEARCH_PATHS = (
					"$(inherited)",
					"@executable_path/Frameworks",
					"@loader_path/Frameworks",
				);
				PRODUCT_BUNDLE_IDENTIFIER = com.ozdemircibaris.mvvmCryptoUITests;
				PRODUCT_NAME = "$(TARGET_NAME)";
				SWIFT_VERSION = 5.0;
				TARGETED_DEVICE_FAMILY = "1,2";
				TEST_TARGET_NAME = mvvmCrypto;
			};
			name = Debug;
		};
		3FC07CFD2562BE0900FD90E3 /* Release */ = {
			isa = XCBuildConfiguration;
			buildSettings = {
				ALWAYS_EMBED_SWIFT_STANDARD_LIBRARIES = YES;
				CODE_SIGN_STYLE = Automatic;
				DEVELOPMENT_TEAM = W6WW6N88U8;
				INFOPLIST_FILE = mvvmCryptoUITests/Info.plist;
				LD_RUNPATH_SEARCH_PATHS = (
					"$(inherited)",
					"@executable_path/Frameworks",
					"@loader_path/Frameworks",
				);
				PRODUCT_BUNDLE_IDENTIFIER = com.ozdemircibaris.mvvmCryptoUITests;
				PRODUCT_NAME = "$(TARGET_NAME)";
				SWIFT_VERSION = 5.0;
				TARGETED_DEVICE_FAMILY = "1,2";
				TEST_TARGET_NAME = mvvmCrypto;
			};
			name = Release;
		};
/* End XCBuildConfiguration section */

/* Begin XCConfigurationList section */
		3FC07CC62562BE0700FD90E3 /* Build configuration list for PBXProject "mvvmCrypto" */ = {
			isa = XCConfigurationList;
			buildConfigurations = (
				3FC07CF32562BE0900FD90E3 /* Debug */,
				3FC07CF42562BE0900FD90E3 /* Release */,
			);
			defaultConfigurationIsVisible = 0;
			defaultConfigurationName = Release;
		};
		3FC07CF52562BE0900FD90E3 /* Build configuration list for PBXNativeTarget "mvvmCrypto" */ = {
			isa = XCConfigurationList;
			buildConfigurations = (
				3FC07CF62562BE0900FD90E3 /* Debug */,
				3FC07CF72562BE0900FD90E3 /* Release */,
			);
			defaultConfigurationIsVisible = 0;
			defaultConfigurationName = Release;
		};
		3FC07CF82562BE0900FD90E3 /* Build configuration list for PBXNativeTarget "mvvmCryptoTests" */ = {
			isa = XCConfigurationList;
			buildConfigurations = (
				3FC07CF92562BE0900FD90E3 /* Debug */,
				3FC07CFA2562BE0900FD90E3 /* Release */,
			);
			defaultConfigurationIsVisible = 0;
			defaultConfigurationName = Release;
		};
		3FC07CFB2562BE0900FD90E3 /* Build configuration list for PBXNativeTarget "mvvmCryptoUITests" */ = {
			isa = XCConfigurationList;
			buildConfigurations = (
				3FC07CFC2562BE0900FD90E3 /* Debug */,
				3FC07CFD2562BE0900FD90E3 /* Release */,
			);
			defaultConfigurationIsVisible = 0;
			defaultConfigurationName = Release;
		};
/* End XCConfigurationList section */
	};
	rootObject = 3FC07CC32562BE0700FD90E3 /* Project object */;
}
